
Microsoft Visual Studio Solution File, Format Version 12.00
# Visual Studio Version 17
VisualStudioVersion = 17.10.35122.118
MinimumVisualStudioVersion = 10.0.40219.1
Project("{E24C65DC-7377-472B-9ABA-BC803B73C61A}") = "wisconn", "wisconn\", "{86BA7B32-2D26-4C5B-84D2-57E077273383}"
	ProjectSection(WebsiteProperties) = preProject
		TargetFrameworkMoniker = ".NETFramework,Version%3Dv4.8"
		Debug.AspNetCompiler.VirtualPath = "/localhost_50317"
		Debug.AspNetCompiler.PhysicalPath = "..\..\..\Documents\發包檔案\國外智宜\wisconn\"
		Debug.AspNetCompiler.TargetPath = "PrecompiledWeb\localhost_50317\"
		Debug.AspNetCompiler.Updateable = "true"
		Debug.AspNetCompiler.ForceOverwrite = "true"
		Debug.AspNetCompiler.FixedNames = "false"
		Debug.AspNetCompiler.Debug = "True"
		Release.AspNetCompiler.VirtualPath = "/localhost_50317"
		Release.AspNetCompiler.PhysicalPath = "..\..\..\Documents\發包檔案\國外智宜\wisconn\"
		Release.AspNetCompiler.TargetPath = "PrecompiledWeb\localhost_50317\"
		Release.AspNetCompiler.Updateable = "true"
		Release.AspNetCompiler.ForceOverwrite = "true"
		Release.AspNetCompiler.FixedNames = "false"
		Release.AspNetCompiler.Debug = "False"
		VWDPort = "50317"
	EndProjectSection
EndProject
Global
	GlobalSection(SolutionConfigurationPlatforms) = preSolution
		Debug|Any CPU = Debug|Any CPU
	EndGlobalSection
	GlobalSection(ProjectConfigurationPlatforms) = postSolution
		{86BA7B32-2D26-4C5B-84D2-57E077273383}.Debug|Any CPU.ActiveCfg = Debug|Any CPU
		{86BA7B32-2D26-4C5B-84D2-57E077273383}.Debug|Any CPU.Build.0 = Debug|Any CPU
	EndGlobalSection
	GlobalSection(SolutionProperties) = preSolution
		HideSolutionNode = FALSE
	EndGlobalSection
	GlobalSection(ExtensibilityGlobals) = postSolution
		SolutionGuid = {4C35E912-8060-4C33-95E3-E3A867411803}
	EndGlobalSection
EndGlobal
