
Microsoft Visual Studio Solution File, Format Version 12.00
# Visual Studio Version 17
VisualStudioVersion = 17.10.35122.118
MinimumVisualStudioVersion = 10.0.40219.1
Project("{E24C65DC-7377-472B-9ABA-BC803B73C61A}") = "智宜", ".", "{D3AAFD54-3CF0-42BB-BBC2-AA008BCD9E15}"
	ProjectSection(WebsiteProperties) = preProject
		TargetFrameworkMoniker = ".NETFramework,Version%3Dv4.8"
		Debug.AspNetCompiler.VirtualPath = "/localhost_59563"
		Debug.AspNetCompiler.PhysicalPath = "..\智宜\"
		Debug.AspNetCompiler.TargetPath = "PrecompiledWeb\localhost_59563\"
		Debug.AspNetCompiler.Updateable = "true"
		Debug.AspNetCompiler.ForceOverwrite = "true"
		Debug.AspNetCompiler.FixedNames = "false"
		Debug.AspNetCompiler.Debug = "True"
		Release.AspNetCompiler.VirtualPath = "/localhost_59563"
		Release.AspNetCompiler.PhysicalPath = "..\智宜\"
		Release.AspNetCompiler.TargetPath = "PrecompiledWeb\localhost_59563\"
		Release.AspNetCompiler.Updateable = "true"
		Release.AspNetCompiler.ForceOverwrite = "true"
		Release.AspNetCompiler.FixedNames = "false"
		Release.AspNetCompiler.Debug = "False"
		VWDPort = "59563"
		SlnRelativePath = "..\智宜\"
	EndProjectSection
EndProject
Global
	GlobalSection(SolutionConfigurationPlatforms) = preSolution
		Debug|Any CPU = Debug|Any CPU
	EndGlobalSection
	GlobalSection(ProjectConfigurationPlatforms) = postSolution
		{D3AAFD54-3CF0-42BB-BBC2-AA008BCD9E15}.Debug|Any CPU.ActiveCfg = Debug|Any CPU
		{D3AAFD54-3CF0-42BB-BBC2-AA008BCD9E15}.Debug|Any CPU.Build.0 = Debug|Any CPU
	EndGlobalSection
	GlobalSection(SolutionProperties) = preSolution
		HideSolutionNode = FALSE
	EndGlobalSection
	GlobalSection(ExtensibilityGlobals) = postSolution
		SolutionGuid = {6090C2BC-FBEE-4713-B265-D88887E1F2C7}
	EndGlobalSection
EndGlobal
